// !$*UTF8*$!
{
	archiveVersion = 1;
	classes = {
	};
	objectVersion = 50;
	objects = {

/* Begin PBXBuildFile section */
		9826601E2463217C008D0B2C /* AppDelegate.swift in Sources */ = {isa = PBXBuildFile; fileRef = 9826601D2463217C008D0B2C /* AppDelegate.swift */; };
		982660202463217C008D0B2C /* SceneDelegate.swift in Sources */ = {isa = PBXBuildFile; fileRef = 9826601F2463217C008D0B2C /* SceneDelegate.swift */; };
		982660222463217C008D0B2C /* ViewController.swift in Sources */ = {isa = PBXBuildFile; fileRef = 982660212463217C008D0B2C /* ViewController.swift */; };
		982660252463217C008D0B2C /* Main.storyboard in Resources */ = {isa = PBXBuildFile; fileRef = 982660232463217C008D0B2C /* Main.storyboard */; };
		982660272463217E008D0B2C /* Assets.xcassets in Resources */ = {isa = PBXBuildFile; fileRef = 982660262463217E008D0B2C /* Assets.xcassets */; };
		9826602A2463217E008D0B2C /* LaunchScreen.storyboard in Resources */ = {isa = PBXBuildFile; fileRef = 982660282463217E008D0B2C /* LaunchScreen.storyboard */; };
/* End PBXBuildFile section */

/* Begin PBXFileReference section */
		9826601A2463217C008D0B2C /* Calcolo Area Perimetro.app */ = {isa = PBXFileReference; explicitFileType = wrapper.application; includeInIndex = 0; path = "Calcolo Area Perimetro.app"; sourceTree = BUILT_PRODUCTS_DIR; };
		9826601D2463217C008D0B2C /* AppDelegate.swift */ = {isa = PBXFileReference; lastKnownFileType = sourcecode.swift; path = AppDelegate.swift; sourceTree = "<group>"; };
		9826601F2463217C008D0B2C /* SceneDelegate.swift */ = {isa = PBXFileReference; lastKnownFileType = sourcecode.swift; path = SceneDelegate.swift; sourceTree = "<group>"; };
		982660212463217C008D0B2C /* ViewController.swift */ = {isa = PBXFileReference; lastKnownFileType = sourcecode.swift; path = ViewController.swift; sourceTree = "<group>"; };
		982660242463217C008D0B2C /* Base */ = {isa = PBXFileReference; lastKnownFileType = file.storyboard; name = Base; path = Base.lproj/Main.storyboard; sourceTree = "<group>"; };
		982660262463217E008D0B2C /* Assets.xcassets */ = {isa = PBXFileReference; lastKnownFileType = folder.assetcatalog; path = Assets.xcassets; sourceTree = "<group>"; };
		982660292463217E008D0B2C /* Base */ = {isa = PBXFileReference; lastKnownFileType = file.storyboard; name = Base; path = Base.lproj/LaunchScreen.storyboard; sourceTree = "<group>"; };
		9826602B2463217E008D0B2C /* Info.plist */ = {isa = PBXFileReference; lastKnownFileType = text.plist.xml; path = Info.plist; sourceTree = "<group>"; };
/* End PBXFileReference section */

/* Begin PBXFrameworksBuildPhase section */
		982660172463217C008D0B2C /* Frameworks */ = {
			isa = PBXFrameworksBuildPhase;
			buildActionMask = 2147483647;
			files = (
			);
			runOnlyForDeploymentPostprocessing = 0;
		};
/* End PBXFrameworksBuildPhase section */

/* Begin PBXGroup section */
		982660112463217C008D0B2C = {
			isa = PBXGroup;
			children = (
				9826601C2463217C008D0B2C /* calcareaperimetro */,
				9826601B2463217C008D0B2C /* Products */,
			);
			sourceTree = "<group>";
		};
		9826601B2463217C008D0B2C /* Products */ = {
			isa = PBXGroup;
			children = (
				9826601A2463217C008D0B2C /* Calcolo Area Perimetro.app */,
			);
			name = Products;
			sourceTree = "<group>";
		};
		9826601C2463217C008D0B2C /* calcareaperimetro */ = {
			isa = PBXGroup;
			children = (
				9826601D2463217C008D0B2C /* AppDelegate.swift */,
				9826601F2463217C008D0B2C /* SceneDelegate.swift */,
				982660212463217C008D0B2C /* ViewController.swift */,
				982660232463217C008D0B2C /* Main.storyboard */,
				982660262463217E008D0B2C /* Assets.xcassets */,
				982660282463217E008D0B2C /* LaunchScreen.storyboard */,
				9826602B2463217E008D0B2C /* Info.plist */,
			);
			path = calcareaperimetro;
			sourceTree = "<group>";
		};
/* End PBXGroup section */

/* Begin PBXNativeTarget section */
		982660192463217C008D0B2C /* calcareaperimetro */ = {
			isa = PBXNativeTarget;
			buildConfigurationList = 9826602E2463217E008D0B2C /* Build configuration list for PBXNativeTarget "calcareaperimetro" */;
			buildPhases = (
				982660162463217C008D0B2C /* Sources */,
				982660172463217C008D0B2C /* Frameworks */,
				982660182463217C008D0B2C /* Resources */,
			);
			buildRules = (
			);
			dependencies = (
			);
			name = calcareaperimetro;
			productName = calcareaperimetro;
			productReference = 9826601A2463217C008D0B2C /* Calcolo Area Perimetro.app */;
			productType = "com.apple.product-type.application";
		};
/* End PBXNativeTarget section */

/* Begin PBXProject section */
		982660122463217C008D0B2C /* Project object */ = {
			isa = PBXProject;
			attributes = {
				LastSwiftUpdateCheck = 1140;
				LastUpgradeCheck = 1140;
				ORGANIZATIONNAME = "Hidran Arias";
				TargetAttributes = {
					982660192463217C008D0B2C = {
						CreatedOnToolsVersion = 11.4.1;
					};
				};
			};
			buildConfigurationList = 982660152463217C008D0B2C /* Build configuration list for PBXProject "calcareaperimetro" */;
			compatibilityVersion = "Xcode 9.3";
			developmentRegion = en;
			hasScannedForEncodings = 0;
			knownRegions = (
				en,
				Base,
			);
			mainGroup = 982660112463217C008D0B2C;
			productRefGroup = 9826601B2463217C008D0B2C /* Products */;
			projectDirPath = "";
			projectRoot = "";
			targets = (
				982660192463217C008D0B2C /* calcareaperimetro */,
			);
		};
/* End PBXProject section */

/* Begin PBXResourcesBuildPhase section */
		982660182463217C008D0B2C /* Resources */ = {
			isa = PBXResourcesBuildPhase;
			buildActionMask = 2147483647;
			files = (
				9826602A2463217E008D0B2C /* LaunchScreen.storyboard in Resources */,
				982660272463217E008D0B2C /* Assets.xcassets in Resources */,
				982660252463217C008D0B2C /* Main.storyboard in Resources */,
			);
			runOnlyForDeploymentPostprocessing = 0;
		};
/* End PBXResourcesBuildPhase section */

/* Begin PBXSourcesBuildPhase section */
		982660162463217C008D0B2C /* Sources */ = {
			isa = PBXSourcesBuildPhase;
			buildActionMask = 2147483647;
			files = (
				982660222463217C008D0B2C /* ViewController.swift in Sources */,
				9826601E2463217C008D0B2C /* AppDelegate.swift in Sources */,
				982660202463217C008D0B2C /* SceneDelegate.swift in Sources */,
			);
			runOnlyForDeploymentPostprocessing = 0;
		};
/* End PBXSourcesBuildPhase section */

/* Begin PBXVariantGroup section */
		982660232463217C008D0B2C /* Main.storyboard */ = {
			isa = PBXVariantGroup;
			children = (
				982660242463217C008D0B2C /* Base */,
			);
			name = Main.storyboard;
			sourceTree = "<group>";
		};
		982660282463217E008D0B2C /* LaunchScreen.storyboard */ = {
			isa = PBXVariantGroup;
			children = (
				982660292463217E008D0B2C /* Base */,
			);
			name = LaunchScreen.storyboard;
			sourceTree = "<group>";
		};
/* End PBXVariantGroup section */

/* Begin XCBuildConfiguration section */
		9826602C2463217E008D0B2C /* Debug */ = {
			isa = XCBuildConfiguration;
			buildSettings = {
				ALWAYS_SEARCH_USER_PATHS = NO;
				CLANG_ANALYZER_NONNULL = YES;
				CLANG_ANALYZER_NUMBER_OBJECT_CONVERSION = YES_AGGRESSIVE;
				CLANG_CXX_LANGUAGE_STANDARD = "gnu++14";
				CLANG_CXX_LIBRARY = "libc++";
				CLANG_ENABLE_MODULES = YES;
				CLANG_ENABLE_OBJC_ARC = YES;
				CLANG_ENABLE_OBJC_WEAK = YES;
				CLANG_WARN_BLOCK_CAPTURE_AUTORELEASING = YES;
				CLANG_WARN_BOOL_CONVERSION = YES;
				CLANG_WARN_COMMA = YES;
				CLANG_WARN_CONSTANT_CONVERSION = YES;
				CLANG_WARN_DEPRECATED_OBJC_IMPLEMENTATIONS = YES;
				CLANG_WARN_DIRECT_OBJC_ISA_USAGE = YES_ERROR;
				CLANG_WARN_DOCUMENTATION_COMMENTS = YES;
				CLANG_WARN_EMPTY_BODY = YES;
				CLANG_WARN_ENUM_CONVERSION = YES;
				CLANG_WARN_INFINITE_RECURSION = YES;
				CLANG_WARN_INT_CONVERSION = YES;
				CLANG_WARN_NON_LITERAL_NULL_CONVERSION = YES;
				CLANG_WARN_OBJC_IMPLICIT_RETAIN_SELF = YES;
				CLANG_WARN_OBJC_LITERAL_CONVERSION = YES;
				CLANG_WARN_OBJC_ROOT_CLASS = YES_ERROR;
				CLANG_WARN_RANGE_LOOP_ANALYSIS = YES;
				CLANG_WARN_STRICT_PROTOTYPES = YES;
				CLANG_WARN_SUSPICIOUS_MOVE = YES;
				CLANG_WARN_UNGUARDED_AVAILABILITY = YES_AGGRESSIVE;
				CLANG_WARN_UNREACHABLE_CODE = YES;
				CLANG_WARN__DUPLICATE_METHOD_MATCH = YES;
				COPY_PHASE_STRIP = NO;
				DEBUG_INFORMATION_FORMAT = dwarf;
				ENABLE_STRICT_OBJC_MSGSEND = YES;
				ENABLE_TESTABILITY = YES;
				GCC_C_LANGUAGE_STANDARD = gnu11;
				GCC_DYNAMIC_NO_PIC = NO;
				GCC_NO_COMMON_BLOCKS = YES;
				GCC_OPTIMIZATION_LEVEL = 0;
				GCC_PREPROCESSOR_DEFINITIONS = (
					"DEBUG=1",
					"$(inherited)",
				);
				GCC_WARN_64_TO_32_BIT_CONVERSION = YES;
				GCC_WARN_ABOUT_RETURN_TYPE = YES_ERROR;
				GCC_WARN_UNDECLARED_SELECTOR = YES;
				GCC_WARN_UNINITIALIZED_AUTOS = YES_AGGRESSIVE;
				GCC_WARN_UNUSED_FUNCTION = YES;
				GCC_WARN_UNUSED_VARIABLE = YES;
				IPHONEOS_DEPLOYMENT_TARGET = 13.4;
				MTL_ENABLE_DEBUG_INFO = INCLUDE_SOURCE;
				MTL_FAST_MATH = YES;
				ONLY_ACTIVE_ARCH = YES;
				SDKROOT = iphoneos;
				SWIFT_ACTIVE_COMPILATION_CONDITIONS = DEBUG;
				SWIFT_OPTIMIZATION_LEVEL = "-Onone";
			};
			name = Debug;
		};
		9826602D2463217E008D0B2C /* Release */ = {
			isa = XCBuildConfiguration;
			buildSettings = {
				ALWAYS_SEARCH_USER_PATHS = NO;
				CLANG_ANALYZER_NONNULL = YES;
				CLANG_ANALYZER_NUMBER_OBJECT_CONVERSION = YES_AGGRESSIVE;
				CLANG_CXX_LANGUAGE_STANDARD = "gnu++14";
				CLANG_CXX_LIBRARY = "libc++";
				CLANG_ENABLE_MODULES = YES;
				CLANG_ENABLE_OBJC_ARC = YES;
				CLANG_ENABLE_OBJC_WEAK = YES;
				CLANG_WARN_BLOCK_CAPTURE_AUTORELEASING = YES;
				CLANG_WARN_BOOL_CONVERSION = YES;
				CLANG_WARN_COMMA = YES;
				CLANG_WARN_CONSTANT_CONVERSION = YES;
				CLANG_WARN_DEPRECATED_OBJC_IMPLEMENTATIONS = YES;
				CLANG_WARN_DIRECT_OBJC_ISA_USAGE = YES_ERROR;
				CLANG_WARN_DOCUMENTATION_COMMENTS = YES;
				CLANG_WARN_EMPTY_BODY = YES;
				CLANG_WARN_ENUM_CONVERSION = YES;
				CLANG_WARN_INFINITE_RECURSION = YES;
				CLANG_WARN_INT_CONVERSION = YES;
				CLANG_WARN_NON_LITERAL_NULL_CONVERSION = YES;
				CLANG_WARN_OBJC_IMPLICIT_RETAIN_SELF = YES;
				CLANG_WARN_OBJC_LITERAL_CONVERSION = YES;
				CLANG_WARN_OBJC_ROOT_CLASS = YES_ERROR;
				CLANG_WARN_RANGE_LOOP_ANALYSIS = YES;
				CLANG_WARN_STRICT_PROTOTYPES = YES;
				CLANG_WARN_SUSPICIOUS_MOVE = YES;
				CLANG_WARN_UNGUARDED_AVAILABILITY = YES_AGGRESSIVE;
				CLANG_WARN_UNREACHABLE_CODE = YES;
				CLANG_WARN__DUPLICATE_METHOD_MATCH = YES;
				COPY_PHASE_STRIP = NO;
				DEBUG_INFORMATION_FORMAT = "dwarf-with-dsym";
				ENABLE_NS_ASSERTIONS = NO;
				ENABLE_STRICT_OBJC_MSGSEND = YES;
				GCC_C_LANGUAGE_STANDARD = gnu11;
				GCC_NO_COMMON_BLOCKS = YES;
				GCC_WARN_64_TO_32_BIT_CONVERSION = YES;
				GCC_WARN_ABOUT_RETURN_TYPE = YES_ERROR;
				GCC_WARN_UNDECLARED_SELECTOR = YES;
				GCC_WARN_UNINITIALIZED_AUTOS = YES_AGGRESSIVE;
				GCC_WARN_UNUSED_FUNCTION = YES;
				GCC_WARN_UNUSED_VARIABLE = YES;
				IPHONEOS_DEPLOYMENT_TARGET = 13.4;
				MTL_ENABLE_DEBUG_INFO = NO;
				MTL_FAST_MATH = YES;
				SDKROOT = iphoneos;
				SWIFT_COMPILATION_MODE = wholemodule;
				SWIFT_OPTIMIZATION_LEVEL = "-O";
				VALIDATE_PRODUCT = YES;
			};
			name = Release;
		};
		9826602F2463217E008D0B2C /* Debug */ = {
			isa = XCBuildConfiguration;
			buildSettings = {
				ASSETCATALOG_COMPILER_APPICON_NAME = AppIcon;
				CODE_SIGN_STYLE = Automatic;
				DEVELOPMENT_TEAM = KGLSUZ8ZP9;
				INFOPLIST_FILE = calcareaperimetro/Info.plist;
				LD_RUNPATH_SEARCH_PATHS = (
					"$(inherited)",
					"@executable_path/Frameworks",
				);
				PRODUCT_BUNDLE_IDENTIFIER = com.hidrasoft.calcareaperimetro;
				PRODUCT_NAME = "Calcolo Area Perimetro";
				SWIFT_VERSION = 5.0;
				TARGETED_DEVICE_FAMILY = "1,2";
			};
			name = Debug;
		};
		982660302463217E008D0B2C /* Release */ = {
			isa = XCBuildConfiguration;
			buildSettings = {
				ASSETCATALOG_COMPILER_APPICON_NAME = AppIcon;
				CODE_SIGN_STYLE = Automatic;
				DEVELOPMENT_TEAM = KGLSUZ8ZP9;
				INFOPLIST_FILE = calcareaperimetro/Info.plist;
				LD_RUNPATH_SEARCH_PATHS = (
					"$(inherited)",
					"@executable_path/Frameworks",
				);
				PRODUCT_BUNDLE_IDENTIFIER = com.hidrasoft.calcareaperimetro;
				PRODUCT_NAME = "Calcolo Area Perimetro";
				SWIFT_VERSION = 5.0;
				TARGETED_DEVICE_FAMILY = "1,2";
			};
			name = Release;
		};
/* End XCBuildConfiguration section */

/* Begin XCConfigurationList section */
		982660152463217C008D0B2C /* Build configuration list for PBXProject "calcareaperimetro" */ = {
			isa = XCConfigurationList;
			buildConfigurations = (
				9826602C2463217E008D0B2C /* Debug */,
				9826602D2463217E008D0B2C /* Release */,
			);
			defaultConfigurationIsVisible = 0;
			defaultConfigurationName = Release;
		};
		9826602E2463217E008D0B2C /* Build configuration list for PBXNativeTarget "calcareaperimetro" */ = {
			isa = XCConfigurationList;
			buildConfigurations = (
				9826602F2463217E008D0B2C /* Debug */,
				982660302463217E008D0B2C /* Release */,
			);
			defaultConfigurationIsVisible = 0;
			defaultConfigurationName = Release;
		};
/* End XCConfigurationList section */
	};
	rootObject = 982660122463217C008D0B2C /* Project object */;
}
